// !$*UTF8*$!
{
	archiveVersion = 1;
	classes = {
	};
	objectVersion = 50;
	objects = {

/* Begin PBXBuildFile section */
		82D039F8215922930039F0E8 /* AppDelegate.swift in Sources */ = {isa = PBXBuildFile; fileRef = 82D039F7215922930039F0E8 /* AppDelegate.swift */; };
		82D039FD215922930039F0E8 /* Main.storyboard in Resources */ = {isa = PBXBuildFile; fileRef = 82D039FB215922930039F0E8 /* Main.storyboard */; };
		82D039FF215922940039F0E8 /* Assets.xcassets in Resources */ = {isa = PBXBuildFile; fileRef = 82D039FE215922940039F0E8 /* Assets.xcassets */; };
		82D03A02215922940039F0E8 /* LaunchScreen.storyboard in Resources */ = {isa = PBXBuildFile; fileRef = 82D03A00215922940039F0E8 /* LaunchScreen.storyboard */; };
		82D03A0E215923780039F0E8 /* Tasks.xcdatamodeld in Sources */ = {isa = PBXBuildFile; fileRef = 82D03A0C215923780039F0E8 /* Tasks.xcdatamodeld */; };
		82D03A11215924810039F0E8 /* Task+Convenience.swift in Sources */ = {isa = PBXBuildFile; fileRef = 82D03A10215924810039F0E8 /* Task+Convenience.swift */; };
		82D9EF8A2159C94300F1C55A /* CoreDataStack.swift in Sources */ = {isa = PBXBuildFile; fileRef = 82D9EF892159C94300F1C55A /* CoreDataStack.swift */; };
		82D9EF8C2159D32E00F1C55A /* TasksTableViewController.swift in Sources */ = {isa = PBXBuildFile; fileRef = 82D9EF8B2159D32E00F1C55A /* TasksTableViewController.swift */; };
		82D9EF8E2159D34500F1C55A /* TaskDetailViewController.swift in Sources */ = {isa = PBXBuildFile; fileRef = 82D9EF8D2159D34500F1C55A /* TaskDetailViewController.swift */; };
/* End PBXBuildFile section */

/* Begin PBXFileReference section */
		82D039F4215922930039F0E8 /* Tasks.app */ = {isa = PBXFileReference; explicitFileType = wrapper.application; includeInIndex = 0; path = Tasks.app; sourceTree = BUILT_PRODUCTS_DIR; };
		82D039F7215922930039F0E8 /* AppDelegate.swift */ = {isa = PBXFileReference; lastKnownFileType = sourcecode.swift; path = AppDelegate.swift; sourceTree = "<group>"; };
		82D039FC215922930039F0E8 /* Base */ = {isa = PBXFileReference; lastKnownFileType = file.storyboard; name = Base; path = Base.lproj/Main.storyboard; sourceTree = "<group>"; };
		82D039FE215922940039F0E8 /* Assets.xcassets */ = {isa = PBXFileReference; lastKnownFileType = folder.assetcatalog; path = Assets.xcassets; sourceTree = "<group>"; };
		82D03A01215922940039F0E8 /* Base */ = {isa = PBXFileReference; lastKnownFileType = file.storyboard; name = Base; path = Base.lproj/LaunchScreen.storyboard; sourceTree = "<group>"; };
		82D03A03215922940039F0E8 /* Info.plist */ = {isa = PBXFileReference; lastKnownFileType = text.plist.xml; path = Info.plist; sourceTree = "<group>"; };
		82D03A0D215923780039F0E8 /* Tasks.xcdatamodel */ = {isa = PBXFileReference; lastKnownFileType = wrapper.xcdatamodel; path = Tasks.xcdatamodel; sourceTree = "<group>"; };
		82D03A10215924810039F0E8 /* Task+Convenience.swift */ = {isa = PBXFileReference; lastKnownFileType = sourcecode.swift; path = "Task+Convenience.swift"; sourceTree = "<group>"; };
		82D9EF892159C94300F1C55A /* CoreDataStack.swift */ = {isa = PBXFileReference; lastKnownFileType = sourcecode.swift; path = CoreDataStack.swift; sourceTree = "<group>"; };
		82D9EF8B2159D32E00F1C55A /* TasksTableViewController.swift */ = {isa = PBXFileReference; lastKnownFileType = sourcecode.swift; path = TasksTableViewController.swift; sourceTree = "<group>"; };
		82D9EF8D2159D34500F1C55A /* TaskDetailViewController.swift */ = {isa = PBXFileReference; lastKnownFileType = sourcecode.swift; path = TaskDetailViewController.swift; sourceTree = "<group>"; };
/* End PBXFileReference section */

/* Begin PBXFrameworksBuildPhase section */
		82D039F1215922930039F0E8 /* Frameworks */ = {
			isa = PBXFrameworksBuildPhase;
			buildActionMask = 2147483647;
			files = (
			);
			runOnlyForDeploymentPostprocessing = 0;
		};
/* End PBXFrameworksBuildPhase section */

/* Begin PBXGroup section */
		82D039EB215922930039F0E8 = {
			isa = PBXGroup;
			children = (
				82D039F6215922930039F0E8 /* Tasks */,
				82D039F5215922930039F0E8 /* Products */,
			);
			sourceTree = "<group>";
		};
		82D039F5215922930039F0E8 /* Products */ = {
			isa = PBXGroup;
			children = (
				82D039F4215922930039F0E8 /* Tasks.app */,
			);
			name = Products;
			sourceTree = "<group>";
		};
		82D039F6215922930039F0E8 /* Tasks */ = {
			isa = PBXGroup;
			children = (
				82D03A0F215923810039F0E8 /* Model */,
				82D03A0B215922EB0039F0E8 /* View */,
				82D03A0A215922E40039F0E8 /* View Controller */,
				82D03A09215922DB0039F0E8 /* Resources */,
			);
			path = Tasks;
			sourceTree = "<group>";
		};
		82D03A09215922DB0039F0E8 /* Resources */ = {
			isa = PBXGroup;
			children = (
				82D039F7215922930039F0E8 /* AppDelegate.swift */,
				82D039FE215922940039F0E8 /* Assets.xcassets */,
				82D03A00215922940039F0E8 /* LaunchScreen.storyboard */,
				82D03A03215922940039F0E8 /* Info.plist */,
			);
			path = Resources;
			sourceTree = "<group>";
		};
		82D03A0A215922E40039F0E8 /* View Controller */ = {
			isa = PBXGroup;
			children = (
				82D9EF8B2159D32E00F1C55A /* TasksTableViewController.swift */,
				82D9EF8D2159D34500F1C55A /* TaskDetailViewController.swift */,
			);
			path = "View Controller";
			sourceTree = "<group>";
		};
		82D03A0B215922EB0039F0E8 /* View */ = {
			isa = PBXGroup;
			children = (
				82D039FB215922930039F0E8 /* Main.storyboard */,
			);
			path = View;
			sourceTree = "<group>";
		};
		82D03A0F215923810039F0E8 /* Model */ = {
			isa = PBXGroup;
			children = (
				82D03A0C215923780039F0E8 /* Tasks.xcdatamodeld */,
				82D03A10215924810039F0E8 /* Task+Convenience.swift */,
				82D9EF892159C94300F1C55A /* CoreDataStack.swift */,
			);
			path = Model;
			sourceTree = "<group>";
		};
/* End PBXGroup section */

/* Begin PBXNativeTarget section */
		82D039F3215922930039F0E8 /* Tasks */ = {
			isa = PBXNativeTarget;
			buildConfigurationList = 82D03A06215922940039F0E8 /* Build configuration list for PBXNativeTarget "Tasks" */;
			buildPhases = (
				82D039F0215922930039F0E8 /* Sources */,
				82D039F1215922930039F0E8 /* Frameworks */,
				82D039F2215922930039F0E8 /* Resources */,
			);
			buildRules = (
			);
			dependencies = (
			);
			name = Tasks;
			productName = Tasks;
			productReference = 82D039F4215922930039F0E8 /* Tasks.app */;
			productType = "com.apple.product-type.application";
		};
/* End PBXNativeTarget section */

/* Begin PBXProject section */
		82D039EC215922930039F0E8 /* Project object */ = {
			isa = PBXProject;
			attributes = {
				LastSwiftUpdateCheck = 1000;
				LastUpgradeCheck = 1000;
				ORGANIZATIONNAME = "Lambda School";
				TargetAttributes = {
					82D039F3215922930039F0E8 = {
						CreatedOnToolsVersion = 10.0;
					};
				};
			};
			buildConfigurationList = 82D039EF215922930039F0E8 /* Build configuration list for PBXProject "Tasks" */;
			compatibilityVersion = "Xcode 9.3";
			developmentRegion = en;
			hasScannedForEncodings = 0;
			knownRegions = (
				en,
				Base,
			);
			mainGroup = 82D039EB215922930039F0E8;
			productRefGroup = 82D039F5215922930039F0E8 /* Products */;
			projectDirPath = "";
			projectRoot = "";
			targets = (
				82D039F3215922930039F0E8 /* Tasks */,
			);
		};
/* End PBXProject section */

/* Begin PBXResourcesBuildPhase section */
		82D039F2215922930039F0E8 /* Resources */ = {
			isa = PBXResourcesBuildPhase;
			buildActionMask = 2147483647;
			files = (
				82D03A02215922940039F0E8 /* LaunchScreen.storyboard in Resources */,
				82D039FF215922940039F0E8 /* Assets.xcassets in Resources */,
				82D039FD215922930039F0E8 /* Main.storyboard in Resources */,
			);
			runOnlyForDeploymentPostprocessing = 0;
		};
/* End PBXResourcesBuildPhase section */

/* Begin PBXSourcesBuildPhase section */
		82D039F0215922930039F0E8 /* Sources */ = {
			isa = PBXSourcesBuildPhase;
			buildActionMask = 2147483647;
			files = (
				82D9EF8E2159D34500F1C55A /* TaskDetailViewController.swift in Sources */,
				82D9EF8A2159C94300F1C55A /* CoreDataStack.swift in Sources */,
				82D9EF8C2159D32E00F1C55A /* TasksTableViewController.swift in Sources */,
				82D03A11215924810039F0E8 /* Task+Convenience.swift in Sources */,
				82D039F8215922930039F0E8 /* AppDelegate.swift in Sources */,
				82D03A0E215923780039F0E8 /* Tasks.xcdatamodeld in Sources */,
			);
			runOnlyForDeploymentPostprocessing = 0;
		};
/* End PBXSourcesBuildPhase section */

/* Begin PBXVariantGroup section */
		82D039FB215922930039F0E8 /* Main.storyboard */ = {
			isa = PBXVariantGroup;
			children = (
				82D039FC215922930039F0E8 /* Base */,
			);
			name = Main.storyboard;
			sourceTree = "<group>";
		};
		82D03A00215922940039F0E8 /* LaunchScreen.storyboard */ = {
			isa = PBXVariantGroup;
			children = (
				82D03A01215922940039F0E8 /* Base */,
			);
			name = LaunchScreen.storyboard;
			sourceTree = "<group>";
		};
/* End PBXVariantGroup section */

/* Begin XCBuildConfiguration section */
		82D03A04215922940039F0E8 /* Debug */ = {
			isa = XCBuildConfiguration;
			buildSettings = {
				ALWAYS_SEARCH_USER_PATHS = NO;
				CLANG_ANALYZER_NONNULL = YES;
				CLANG_ANALYZER_NUMBER_OBJECT_CONVERSION = YES_AGGRESSIVE;
				CLANG_CXX_LANGUAGE_STANDARD = "gnu++14";
				CLANG_CXX_LIBRARY = "libc++";
				CLANG_ENABLE_MODULES = YES;
				CLANG_ENABLE_OBJC_ARC = YES;
				CLANG_ENABLE_OBJC_WEAK = YES;
				CLANG_WARN_BLOCK_CAPTURE_AUTORELEASING = YES;
				CLANG_WARN_BOOL_CONVERSION = YES;
				CLANG_WARN_COMMA = YES;
				CLANG_WARN_CONSTANT_CONVERSION = YES;
				CLANG_WARN_DEPRECATED_OBJC_IMPLEMENTATIONS = YES;
				CLANG_WARN_DIRECT_OBJC_ISA_USAGE = YES_ERROR;
				CLANG_WARN_DOCUMENTATION_COMMENTS = YES;
				CLANG_WARN_EMPTY_BODY = YES;
				CLANG_WARN_ENUM_CONVERSION = YES;
				CLANG_WARN_INFINITE_RECURSION = YES;
				CLANG_WARN_INT_CONVERSION = YES;
				CLANG_WARN_NON_LITERAL_NULL_CONVERSION = YES;
				CLANG_WARN_OBJC_IMPLICIT_RETAIN_SELF = YES;
				CLANG_WARN_OBJC_LITERAL_CONVERSION = YES;
				CLANG_WARN_OBJC_ROOT_CLASS = YES_ERROR;
				CLANG_WARN_RANGE_LOOP_ANALYSIS = YES;
				CLANG_WARN_STRICT_PROTOTYPES = YES;
				CLANG_WARN_SUSPICIOUS_MOVE = YES;
				CLANG_WARN_UNGUARDED_AVAILABILITY = YES_AGGRESSIVE;
				CLANG_WARN_UNREACHABLE_CODE = YES;
				CLANG_WARN__DUPLICATE_METHOD_MATCH = YES;
				CODE_SIGN_IDENTITY = "iPhone Developer";
				COPY_PHASE_STRIP = NO;
				DEBUG_INFORMATION_FORMAT = dwarf;
				ENABLE_STRICT_OBJC_MSGSEND = YES;
				ENABLE_TESTABILITY = YES;
				GCC_C_LANGUAGE_STANDARD = gnu11;
				GCC_DYNAMIC_NO_PIC = NO;
				GCC_NO_COMMON_BLOCKS = YES;
				GCC_OPTIMIZATION_LEVEL = 0;
				GCC_PREPROCESSOR_DEFINITIONS = (
					"DEBUG=1",
					"$(inherited)",
				);
				GCC_WARN_64_TO_32_BIT_CONVERSION = YES;
				GCC_WARN_ABOUT_RETURN_TYPE = YES_ERROR;
				GCC_WARN_UNDECLARED_SELECTOR = YES;
				GCC_WARN_UNINITIALIZED_AUTOS = YES_AGGRESSIVE;
				GCC_WARN_UNUSED_FUNCTION = YES;
				GCC_WARN_UNUSED_VARIABLE = YES;
				IPHONEOS_DEPLOYMENT_TARGET = 12.0;
				MTL_ENABLE_DEBUG_INFO = INCLUDE_SOURCE;
				MTL_FAST_MATH = YES;
				ONLY_ACTIVE_ARCH = YES;
				SDKROOT = iphoneos;
				SWIFT_ACTIVE_COMPILATION_CONDITIONS = DEBUG;
				SWIFT_OPTIMIZATION_LEVEL = "-Onone";
			};
			name = Debug;
		};
		82D03A05215922940039F0E8 /* Release */ = {
			isa = XCBuildConfiguration;
			buildSettings = {
				ALWAYS_SEARCH_USER_PATHS = NO;
				CLANG_ANALYZER_NONNULL = YES;
				CLANG_ANALYZER_NUMBER_OBJECT_CONVERSION = YES_AGGRESSIVE;
				CLANG_CXX_LANGUAGE_STANDARD = "gnu++14";
				CLANG_CXX_LIBRARY = "libc++";
				CLANG_ENABLE_MODULES = YES;
				CLANG_ENABLE_OBJC_ARC = YES;
				CLANG_ENABLE_OBJC_WEAK = YES;
				CLANG_WARN_BLOCK_CAPTURE_AUTORELEASING = YES;
				CLANG_WARN_BOOL_CONVERSION = YES;
				CLANG_WARN_COMMA = YES;
				CLANG_WARN_CONSTANT_CONVERSION = YES;
				CLANG_WARN_DEPRECATED_OBJC_IMPLEMENTATIONS = YES;
				CLANG_WARN_DIRECT_OBJC_ISA_USAGE = YES_ERROR;
				CLANG_WARN_DOCUMENTATION_COMMENTS = YES;
				CLANG_WARN_EMPTY_BODY = YES;
				CLANG_WARN_ENUM_CONVERSION = YES;
				CLANG_WARN_INFINITE_RECURSION = YES;
				CLANG_WARN_INT_CONVERSION = YES;
				CLANG_WARN_NON_LITERAL_NULL_CONVERSION = YES;
				CLANG_WARN_OBJC_IMPLICIT_RETAIN_SELF = YES;
				CLANG_WARN_OBJC_LITERAL_CONVERSION = YES;
				CLANG_WARN_OBJC_ROOT_CLASS = YES_ERROR;
				CLANG_WARN_RANGE_LOOP_ANALYSIS = YES;
				CLANG_WARN_STRICT_PROTOTYPES = YES;
				CLANG_WARN_SUSPICIOUS_MOVE = YES;
				CLANG_WARN_UNGUARDED_AVAILABILITY = YES_AGGRESSIVE;
				CLANG_WARN_UNREACHABLE_CODE = YES;
				CLANG_WARN__DUPLICATE_METHOD_MATCH = YES;
				CODE_SIGN_IDENTITY = "iPhone Developer";
				COPY_PHASE_STRIP = NO;
				DEBUG_INFORMATION_FORMAT = "dwarf-with-dsym";
				ENABLE_NS_ASSERTIONS = NO;
				ENABLE_STRICT_OBJC_MSGSEND = YES;
				GCC_C_LANGUAGE_STANDARD = gnu11;
				GCC_NO_COMMON_BLOCKS = YES;
				GCC_WARN_64_TO_32_BIT_CONVERSION = YES;
				GCC_WARN_ABOUT_RETURN_TYPE = YES_ERROR;
				GCC_WARN_UNDECLARED_SELECTOR = YES;
				GCC_WARN_UNINITIALIZED_AUTOS = YES_AGGRESSIVE;
				GCC_WARN_UNUSED_FUNCTION = YES;
				GCC_WARN_UNUSED_VARIABLE = YES;
				IPHONEOS_DEPLOYMENT_TARGET = 12.0;
				MTL_ENABLE_DEBUG_INFO = NO;
				MTL_FAST_MATH = YES;
				SDKROOT = iphoneos;
				SWIFT_COMPILATION_MODE = wholemodule;
				SWIFT_OPTIMIZATION_LEVEL = "-O";
				VALIDATE_PRODUCT = YES;
			};
			name = Release;
		};
		82D03A07215922940039F0E8 /* Debug */ = {
			isa = XCBuildConfiguration;
			buildSettings = {
				ASSETCATALOG_COMPILER_APPICON_NAME = AppIcon;
				CODE_SIGN_STYLE = Automatic;
				INFOPLIST_FILE = "$(SRCROOT)/Tasks/Resources/Info.plist";
				LD_RUNPATH_SEARCH_PATHS = (
					"$(inherited)",
					"@executable_path/Frameworks",
				);
				PRODUCT_BUNDLE_IDENTIFIER = com.LambdaSchool.Tasks;
				PRODUCT_NAME = "$(TARGET_NAME)";
				SWIFT_VERSION = 4.2;
				TARGETED_DEVICE_FAMILY = "1,2";
			};
			name = Debug;
		};
		82D03A08215922940039F0E8 /* Release */ = {
			isa = XCBuildConfiguration;
			buildSettings = {
				ASSETCATALOG_COMPILER_APPICON_NAME = AppIcon;
				CODE_SIGN_STYLE = Automatic;
				INFOPLIST_FILE = "$(SRCROOT)/Tasks/Resources/Info.plist";
				LD_RUNPATH_SEARCH_PATHS = (
					"$(inherited)",
					"@executable_path/Frameworks",
				);
				PRODUCT_BUNDLE_IDENTIFIER = com.LambdaSchool.Tasks;
				PRODUCT_NAME = "$(TARGET_NAME)";
				SWIFT_VERSION = 4.2;
				TARGETED_DEVICE_FAMILY = "1,2";
			};
			name = Release;
		};
/* End XCBuildConfiguration section */

/* Begin XCConfigurationList section */
		82D039EF215922930039F0E8 /* Build configuration list for PBXProject "Tasks" */ = {
			isa = XCConfigurationList;
			buildConfigurations = (
				82D03A04215922940039F0E8 /* Debug */,
				82D03A05215922940039F0E8 /* Release */,
			);
			defaultConfigurationIsVisible = 0;
			defaultConfigurationName = Release;
		};
		82D03A06215922940039F0E8 /* Build configuration list for PBXNativeTarget "Tasks" */ = {
			isa = XCConfigurationList;
			buildConfigurations = (
				82D03A07215922940039F0E8 /* Debug */,
				82D03A08215922940039F0E8 /* Release */,
			);
			defaultConfigurationIsVisible = 0;
			defaultConfigurationName = Release;
		};
/* End XCConfigurationList section */

/* Begin XCVersionGroup section */
		82D03A0C215923780039F0E8 /* Tasks.xcdatamodeld */ = {
			isa = XCVersionGroup;
			children = (
				82D03A0D215923780039F0E8 /* Tasks.xcdatamodel */,
			);
			currentVersion = 82D03A0D215923780039F0E8 /* Tasks.xcdatamodel */;
			path = Tasks.xcdatamodeld;
			sourceTree = "<group>";
			versionGroupType = wrapper.xcdatamodel;
		};
/* End XCVersionGroup section */
	};
	rootObject = 82D039EC215922930039F0E8 /* Project object */;
}
